
Microsoft Visual Studio Solution File, Format Version 12.00
# Visual Studio Version 16
VisualStudioVersion = 16.0.30114.105
MinimumVisualStudioVersion = 10.0.40219.1
Project("{2150E333-8FDC-42A3-9474-1A3956D46DE8}") = "src", "src", "{EF5B6E9B-A4EA-41CE-B6BD-96AA212A6AAC}"
EndProject
Project("{FAE04EC0-301F-11D3-BF4B-00C04F79EFBC}") = "Generator", "src\Generator\Generator.csproj", "{992C61B4-EE3E-43B8-8FBD-BDA012E4E53F}"
EndProject
Global
	GlobalSection(SolutionConfigurationPlatforms) = preSolution
		Debug|Any CPU = Debug|Any CPU
		Release|Any CPU = Release|Any CPU
	EndGlobalSection
	GlobalSection(SolutionProperties) = preSolution
		HideSolutionNode = FALSE
	EndGlobalSection
	GlobalSection(ProjectConfigurationPlatforms) = postSolution
		{992C61B4-EE3E-43B8-8FBD-BDA012E4E53F}.Debug|Any CPU.ActiveCfg = Debug|Any CPU
		{992C61B4-EE3E-43B8-8FBD-BDA012E4E53F}.Debug|Any CPU.Build.0 = Debug|Any CPU
		{992C61B4-EE3E-43B8-8FBD-BDA012E4E53F}.Release|Any CPU.ActiveCfg = Release|Any CPU
		{992C61B4-EE3E-43B8-8FBD-BDA012E4E53F}.Release|Any CPU.Build.0 = Release|Any CPU
	EndGlobalSection
	GlobalSection(NestedProjects) = preSolution
		{992C61B4-EE3E-43B8-8FBD-BDA012E4E53F} = {EF5B6E9B-A4EA-41CE-B6BD-96AA212A6AAC}
	EndGlobalSection
EndGlobal
